
Microsoft Visual Studio Solution File, Format Version 12.00
# Visual Studio Version 17
VisualStudioVersion = 17.2.32616.157
MinimumVisualStudioVersion = 10.0.40219.1
Project("{2150E333-8FDC-42A3-9474-1A3956D46DE8}") = "Utility", "Utility", "{35E022E3-A1C8-44ED-9E34-BB074C3EE46B}"
EndProject
Project("{9A19103F-16F7-4668-BE54-9A1E7A4F7556}") = "Hmm.Utility", "src\Hmm.Utility\Hmm.Utility.csproj", "{FA3B5A83-66B4-4254-A89A-B2F23443873C}"
EndProject
Project("{2150E333-8FDC-42A3-9474-1A3956D46DE8}") = "Hmm.Core", "Hmm.Core", "{A8FC641A-9B63-4163-BD00-E0E2214AD262}"
EndProject
Project("{9A19103F-16F7-4668-BE54-9A1E7A4F7556}") = "Hmm.Core", "src\Hmm.Core\Hmm.Core.csproj", "{17765E1D-72F0-4AE7-8AB6-DCDA227C612A}"
EndProject
Project("{2150E333-8FDC-42A3-9474-1A3956D46DE8}") = "Tests", "Tests", "{4BDAD672-E38F-4FBB-BCB4-6BB0E7D1CA3A}"
EndProject
Project("{9A19103F-16F7-4668-BE54-9A1E7A4F7556}") = "Hmm.Core.Tests", "src\Hmm.Core.Tests\Hmm.Core.Tests.csproj", "{E1F25495-A499-4F76-9C1D-F33BA6B4540F}"
EndProject
Project("{9A19103F-16F7-4668-BE54-9A1E7A4F7556}") = "Hmm.Utility.TestHelp", "src\Hmm.Utility.TestHelp\Hmm.Utility.TestHelp.csproj", "{BBBDB8C5-4481-423A-952A-794A3DD8E101}"
EndProject
Project("{9A19103F-16F7-4668-BE54-9A1E7A4F7556}") = "Hmm.Core.Dal.EF", "src\Hmm.Core.Dal.EF\Hmm.Core.Dal.EF.csproj", "{D8C6637E-1190-4BF1-ACE2-FE2391F3B98F}"
EndProject
Project("{9A19103F-16F7-4668-BE54-9A1E7A4F7556}") = "Hmm.Core.Dal.EF.Tests", "src\Hmm.Core.Dal.EF.Tests\Hmm.Core.Dal.EF.Tests.csproj", "{49995799-C24B-4391-8FA3-A3579B20F649}"
EndProject
Project("{9A19103F-16F7-4668-BE54-9A1E7A4F7556}") = "Hmm.BigCalendar", "src\Hmm.BigCalendar\Hmm.BigCalendar.csproj", "{B0FFDEA9-3E5B-46A7-BDB8-3F2AE329A858}"
EndProject
Project("{9A19103F-16F7-4668-BE54-9A1E7A4F7556}") = "Hmm.BigCalendar.Test", "src\Hmm.BigCalendar.Test\Hmm.BigCalendar.Test.csproj", "{36B7D196-1776-470F-871D-117E5EAB2B57}"
EndProject
Project("{9A19103F-16F7-4668-BE54-9A1E7A4F7556}") = "Hmm.Automobile", "src\Hmm.Automobile\Hmm.Automobile.csproj", "{A2ED49E9-CB9F-4E44-ABC4-C48A3FAE2443}"
EndProject
Project("{9A19103F-16F7-4668-BE54-9A1E7A4F7556}") = "Hmm.Automobile.Tests", "src\Hmm.Automobile.Tests\Hmm.Automobile.Tests.csproj", "{16FC8FF7-F5EE-48A1-997F-3400F4128803}"
EndProject
Project("{2150E333-8FDC-42A3-9474-1A3956D46DE8}") = "Automobile", "Automobile", "{4725A85A-0735-44A4-81F9-D9846C6EF0EC}"
EndProject
Project("{2150E333-8FDC-42A3-9474-1A3956D46DE8}") = "BigCalender", "BigCalender", "{B8C2F91C-2F16-4DCB-B913-867D11F54978}"
EndProject
Project("{9A19103F-16F7-4668-BE54-9A1E7A4F7556}") = "Hmm.Utility.Tests", "src\Hmm.Utility.Tests\Hmm.Utility.Tests.csproj", "{B56C30D9-017E-4E0C-BAE2-7A50CA82B484}"
EndProject
Project("{2150E333-8FDC-42A3-9474-1A3956D46DE8}") = "ServiceInterface", "ServiceInterface", "{4E57E235-3CF5-43E5-9AE3-646C528B8264}"
EndProject
Project("{9A19103F-16F7-4668-BE54-9A1E7A4F7556}") = "Hmm.ServiceApi", "src\Hmm.ServiceApi\Hmm.ServiceApi.csproj", "{1C35E316-4464-45F3-8D09-DE46A0926DF0}"
EndProject
Project("{9A19103F-16F7-4668-BE54-9A1E7A4F7556}") = "Hmm.ServiceApi.DtoEntity", "src\Hmm.ServiceApi.DtoEntity\Hmm.ServiceApi.DtoEntity.csproj", "{C11A6160-3DF1-42E5-B211-96A70F7DDCB2}"
EndProject
Project("{9A19103F-16F7-4668-BE54-9A1E7A4F7556}") = "Hmm.Infrastructure", "src\Hmm.Infrastructure\Hmm.Infrastructure.csproj", "{6CBCB26A-93A2-401C-91EE-B82A20EDFB30}"
EndProject
Project("{9A19103F-16F7-4668-BE54-9A1E7A4F7556}") = "Hmm.Contract", "src\Hmm.Contract\Hmm.Contract.csproj", "{08669E85-B81B-49A9-8A33-BC48F0D42EE7}"
EndProject
Global
	GlobalSection(SolutionConfigurationPlatforms) = preSolution
		Debug|Any CPU = Debug|Any CPU
		Release|Any CPU = Release|Any CPU
	EndGlobalSection
	GlobalSection(ProjectConfigurationPlatforms) = postSolution
		{FA3B5A83-66B4-4254-A89A-B2F23443873C}.Debug|Any CPU.ActiveCfg = Debug|Any CPU
		{FA3B5A83-66B4-4254-A89A-B2F23443873C}.Debug|Any CPU.Build.0 = Debug|Any CPU
		{FA3B5A83-66B4-4254-A89A-B2F23443873C}.Release|Any CPU.ActiveCfg = Release|Any CPU
		{FA3B5A83-66B4-4254-A89A-B2F23443873C}.Release|Any CPU.Build.0 = Release|Any CPU
		{17765E1D-72F0-4AE7-8AB6-DCDA227C612A}.Debug|Any CPU.ActiveCfg = Debug|Any CPU
		{17765E1D-72F0-4AE7-8AB6-DCDA227C612A}.Debug|Any CPU.Build.0 = Debug|Any CPU
		{17765E1D-72F0-4AE7-8AB6-DCDA227C612A}.Release|Any CPU.ActiveCfg = Release|Any CPU
		{17765E1D-72F0-4AE7-8AB6-DCDA227C612A}.Release|Any CPU.Build.0 = Release|Any CPU
		{E1F25495-A499-4F76-9C1D-F33BA6B4540F}.Debug|Any CPU.ActiveCfg = Debug|Any CPU
		{E1F25495-A499-4F76-9C1D-F33BA6B4540F}.Debug|Any CPU.Build.0 = Debug|Any CPU
		{E1F25495-A499-4F76-9C1D-F33BA6B4540F}.Release|Any CPU.ActiveCfg = Release|Any CPU
		{E1F25495-A499-4F76-9C1D-F33BA6B4540F}.Release|Any CPU.Build.0 = Release|Any CPU
		{BBBDB8C5-4481-423A-952A-794A3DD8E101}.Debug|Any CPU.ActiveCfg = Debug|Any CPU
		{BBBDB8C5-4481-423A-952A-794A3DD8E101}.Debug|Any CPU.Build.0 = Debug|Any CPU
		{BBBDB8C5-4481-423A-952A-794A3DD8E101}.Release|Any CPU.ActiveCfg = Release|Any CPU
		{BBBDB8C5-4481-423A-952A-794A3DD8E101}.Release|Any CPU.Build.0 = Release|Any CPU
		{D8C6637E-1190-4BF1-ACE2-FE2391F3B98F}.Debug|Any CPU.ActiveCfg = Debug|Any CPU
		{D8C6637E-1190-4BF1-ACE2-FE2391F3B98F}.Debug|Any CPU.Build.0 = Debug|Any CPU
		{D8C6637E-1190-4BF1-ACE2-FE2391F3B98F}.Release|Any CPU.ActiveCfg = Release|Any CPU
		{D8C6637E-1190-4BF1-ACE2-FE2391F3B98F}.Release|Any CPU.Build.0 = Release|Any CPU
		{49995799-C24B-4391-8FA3-A3579B20F649}.Debug|Any CPU.ActiveCfg = Debug|Any CPU
		{49995799-C24B-4391-8FA3-A3579B20F649}.Debug|Any CPU.Build.0 = Debug|Any CPU
		{49995799-C24B-4391-8FA3-A3579B20F649}.Release|Any CPU.ActiveCfg = Release|Any CPU
		{49995799-C24B-4391-8FA3-A3579B20F649}.Release|Any CPU.Build.0 = Release|Any CPU
		{B0FFDEA9-3E5B-46A7-BDB8-3F2AE329A858}.Debug|Any CPU.ActiveCfg = Debug|Any CPU
		{B0FFDEA9-3E5B-46A7-BDB8-3F2AE329A858}.Debug|Any CPU.Build.0 = Debug|Any CPU
		{B0FFDEA9-3E5B-46A7-BDB8-3F2AE329A858}.Release|Any CPU.ActiveCfg = Release|Any CPU
		{B0FFDEA9-3E5B-46A7-BDB8-3F2AE329A858}.Release|Any CPU.Build.0 = Release|Any CPU
		{36B7D196-1776-470F-871D-117E5EAB2B57}.Debug|Any CPU.ActiveCfg = Debug|Any CPU
		{36B7D196-1776-470F-871D-117E5EAB2B57}.Debug|Any CPU.Build.0 = Debug|Any CPU
		{36B7D196-1776-470F-871D-117E5EAB2B57}.Release|Any CPU.ActiveCfg = Release|Any CPU
		{36B7D196-1776-470F-871D-117E5EAB2B57}.Release|Any CPU.Build.0 = Release|Any CPU
		{A2ED49E9-CB9F-4E44-ABC4-C48A3FAE2443}.Debug|Any CPU.ActiveCfg = Debug|Any CPU
		{A2ED49E9-CB9F-4E44-ABC4-C48A3FAE2443}.Debug|Any CPU.Build.0 = Debug|Any CPU
		{A2ED49E9-CB9F-4E44-ABC4-C48A3FAE2443}.Release|Any CPU.ActiveCfg = Release|Any CPU
		{A2ED49E9-CB9F-4E44-ABC4-C48A3FAE2443}.Release|Any CPU.Build.0 = Release|Any CPU
		{16FC8FF7-F5EE-48A1-997F-3400F4128803}.Debug|Any CPU.ActiveCfg = Debug|Any CPU
		{16FC8FF7-F5EE-48A1-997F-3400F4128803}.Debug|Any CPU.Build.0 = Debug|Any CPU
		{16FC8FF7-F5EE-48A1-997F-3400F4128803}.Release|Any CPU.ActiveCfg = Release|Any CPU
		{16FC8FF7-F5EE-48A1-997F-3400F4128803}.Release|Any CPU.Build.0 = Release|Any CPU
		{B56C30D9-017E-4E0C-BAE2-7A50CA82B484}.Debug|Any CPU.ActiveCfg = Debug|Any CPU
		{B56C30D9-017E-4E0C-BAE2-7A50CA82B484}.Debug|Any CPU.Build.0 = Debug|Any CPU
		{B56C30D9-017E-4E0C-BAE2-7A50CA82B484}.Release|Any CPU.ActiveCfg = Release|Any CPU
		{B56C30D9-017E-4E0C-BAE2-7A50CA82B484}.Release|Any CPU.Build.0 = Release|Any CPU
		{1C35E316-4464-45F3-8D09-DE46A0926DF0}.Debug|Any CPU.ActiveCfg = Debug|Any CPU
		{1C35E316-4464-45F3-8D09-DE46A0926DF0}.Debug|Any CPU.Build.0 = Debug|Any CPU
		{1C35E316-4464-45F3-8D09-DE46A0926DF0}.Release|Any CPU.ActiveCfg = Release|Any CPU
		{1C35E316-4464-45F3-8D09-DE46A0926DF0}.Release|Any CPU.Build.0 = Release|Any CPU
		{C11A6160-3DF1-42E5-B211-96A70F7DDCB2}.Debug|Any CPU.ActiveCfg = Debug|Any CPU
		{C11A6160-3DF1-42E5-B211-96A70F7DDCB2}.Debug|Any CPU.Build.0 = Debug|Any CPU
		{C11A6160-3DF1-42E5-B211-96A70F7DDCB2}.Release|Any CPU.ActiveCfg = Release|Any CPU
		{C11A6160-3DF1-42E5-B211-96A70F7DDCB2}.Release|Any CPU.Build.0 = Release|Any CPU
		{6CBCB26A-93A2-401C-91EE-B82A20EDFB30}.Debug|Any CPU.ActiveCfg = Debug|Any CPU
		{6CBCB26A-93A2-401C-91EE-B82A20EDFB30}.Debug|Any CPU.Build.0 = Debug|Any CPU
		{6CBCB26A-93A2-401C-91EE-B82A20EDFB30}.Release|Any CPU.ActiveCfg = Release|Any CPU
		{6CBCB26A-93A2-401C-91EE-B82A20EDFB30}.Release|Any CPU.Build.0 = Release|Any CPU
		{08669E85-B81B-49A9-8A33-BC48F0D42EE7}.Debug|Any CPU.ActiveCfg = Debug|Any CPU
		{08669E85-B81B-49A9-8A33-BC48F0D42EE7}.Debug|Any CPU.Build.0 = Debug|Any CPU
		{08669E85-B81B-49A9-8A33-BC48F0D42EE7}.Release|Any CPU.ActiveCfg = Release|Any CPU
		{08669E85-B81B-49A9-8A33-BC48F0D42EE7}.Release|Any CPU.Build.0 = Release|Any CPU
	EndGlobalSection
	GlobalSection(SolutionProperties) = preSolution
		HideSolutionNode = FALSE
	EndGlobalSection
	GlobalSection(NestedProjects) = preSolution
		{FA3B5A83-66B4-4254-A89A-B2F23443873C} = {35E022E3-A1C8-44ED-9E34-BB074C3EE46B}
		{17765E1D-72F0-4AE7-8AB6-DCDA227C612A} = {A8FC641A-9B63-4163-BD00-E0E2214AD262}
		{E1F25495-A499-4F76-9C1D-F33BA6B4540F} = {4BDAD672-E38F-4FBB-BCB4-6BB0E7D1CA3A}
		{BBBDB8C5-4481-423A-952A-794A3DD8E101} = {35E022E3-A1C8-44ED-9E34-BB074C3EE46B}
		{D8C6637E-1190-4BF1-ACE2-FE2391F3B98F} = {A8FC641A-9B63-4163-BD00-E0E2214AD262}
		{49995799-C24B-4391-8FA3-A3579B20F649} = {4BDAD672-E38F-4FBB-BCB4-6BB0E7D1CA3A}
		{B0FFDEA9-3E5B-46A7-BDB8-3F2AE329A858} = {B8C2F91C-2F16-4DCB-B913-867D11F54978}
		{36B7D196-1776-470F-871D-117E5EAB2B57} = {B8C2F91C-2F16-4DCB-B913-867D11F54978}
		{A2ED49E9-CB9F-4E44-ABC4-C48A3FAE2443} = {4725A85A-0735-44A4-81F9-D9846C6EF0EC}
		{16FC8FF7-F5EE-48A1-997F-3400F4128803} = {4725A85A-0735-44A4-81F9-D9846C6EF0EC}
		{B56C30D9-017E-4E0C-BAE2-7A50CA82B484} = {4BDAD672-E38F-4FBB-BCB4-6BB0E7D1CA3A}
		{1C35E316-4464-45F3-8D09-DE46A0926DF0} = {4E57E235-3CF5-43E5-9AE3-646C528B8264}
		{C11A6160-3DF1-42E5-B211-96A70F7DDCB2} = {4E57E235-3CF5-43E5-9AE3-646C528B8264}
		{6CBCB26A-93A2-401C-91EE-B82A20EDFB30} = {35E022E3-A1C8-44ED-9E34-BB074C3EE46B}
		{08669E85-B81B-49A9-8A33-BC48F0D42EE7} = {A8FC641A-9B63-4163-BD00-E0E2214AD262}
	EndGlobalSection
	GlobalSection(ExtensibilityGlobals) = postSolution
		SolutionGuid = {E2E0B1A5-8168-40C4-A2AD-123A52065484}
	EndGlobalSection
EndGlobal
