
Microsoft Visual Studio Solution File, Format Version 12.00
# Visual Studio Version 16
VisualStudioVersion = 16.0.29709.97
MinimumVisualStudioVersion = 10.0.40219.1
Project("{9A19103F-16F7-4668-BE54-9A1E7A4F7556}") = "Hmm.Core", "Hmm.Core\Hmm.Core.csproj", "{273381F3-E7BB-4725-BEB7-ECD55F60B0FC}"
EndProject
Project("{9A19103F-16F7-4668-BE54-9A1E7A4F7556}") = "Hmm.Core.Tests", "Hmm.Core.Tests\Hmm.Core.Tests.csproj", "{374B26A4-47EB-4BE0-80E1-4F0065CDB847}"
EndProject
Project("{9A19103F-16F7-4668-BE54-9A1E7A4F7556}") = "Hmm.Dal", "Hmm.Dal\Hmm.Dal.csproj", "{FDA46FD7-BD98-44E5-841D-CAA13F5DE630}"
EndProject
Project("{9A19103F-16F7-4668-BE54-9A1E7A4F7556}") = "Hmm.Utility", "Hmm.Utility\Hmm.Utility.csproj", "{A29A79A6-A8EE-40FD-94B4-970E381F1CAF}"
EndProject
Project("{2150E333-8FDC-42A3-9474-1A3956D46DE8}") = "Dal", "Dal", "{7E4D8DCE-BDA9-45A6-AACC-AEFA45DFE97D}"
EndProject
Project("{9A19103F-16F7-4668-BE54-9A1E7A4F7556}") = "Hmm.Dal.Tests", "Hmm.Dal.Tests\Hmm.Dal.Tests.csproj", "{8497F03A-EA13-4444-81FF-F69471931B15}"
EndProject
Project("{2150E333-8FDC-42A3-9474-1A3956D46DE8}") = "Core", "Core", "{AC3A6946-E7AD-419A-9E17-F86893ABA818}"
EndProject
Project("{9A19103F-16F7-4668-BE54-9A1E7A4F7556}") = "Hmm.Contract", "Hmm.Contract\Hmm.Contract.csproj", "{451557F0-3517-4F5A-BD1A-B9C11A341C31}"
EndProject
Project("{2150E333-8FDC-42A3-9474-1A3956D46DE8}") = "Api", "Api", "{A7A6525F-899F-4D19-B3F6-34559CD709D6}"
EndProject
Project("{9A19103F-16F7-4668-BE54-9A1E7A4F7556}") = "Hmm.Api", "Hmm.Api\Hmm.Api.csproj", "{B274DF48-D826-46DE-9C82-38AFC8CF59BE}"
EndProject
Project("{9A19103F-16F7-4668-BE54-9A1E7A4F7556}") = "Hmm.Utility.TestHelp", "Hmm.Utility.TestHelp\Hmm.Utility.TestHelp.csproj", "{6865D671-3B62-4CF5-8EB3-908E47B2D9B0}"
EndProject
Project("{2150E333-8FDC-42A3-9474-1A3956D46DE8}") = "Tests", "Tests", "{CA7D64C0-BA5E-4D74-9D5A-1679E7B104A9}"
EndProject
Project("{2150E333-8FDC-42A3-9474-1A3956D46DE8}") = "AutoMobile", "AutoMobile", "{F062974F-3522-4213-91AB-DADC64B03E40}"
EndProject
Project("{2150E333-8FDC-42A3-9474-1A3956D46DE8}") = "Contracts", "Contracts", "{3D0DB5C6-C059-4168-BE39-6614AADD70C9}"
EndProject
Project("{2150E333-8FDC-42A3-9474-1A3956D46DE8}") = "Utility", "Utility", "{479C1C44-D711-42AF-97EF-2F7054A75DA2}"
EndProject
Project("{9A19103F-16F7-4668-BE54-9A1E7A4F7556}") = "VehicleInfoManager", "VehicleInfoManager\VehicleInfoManager.csproj", "{47FFD2E3-D8D5-4864-8106-8AC5A866EAF2}"
EndProject
Project("{9A19103F-16F7-4668-BE54-9A1E7A4F7556}") = "VehicleInfoManager.Tests", "VehicleInfoManager.Tests\VehicleInfoManager.Tests.csproj", "{2CB4FF48-144E-44E8-BB14-F0CB8F2A6CE7}"
EndProject
Project("{2150E333-8FDC-42A3-9474-1A3956D46DE8}") = "NoteCore", "NoteCore", "{E636DBFC-6B0F-4FD3-B687-9272677B1FCE}"
EndProject
Project("{2150E333-8FDC-42A3-9474-1A3956D46DE8}") = "Tests", "Tests", "{B758F538-D397-4BD5-9C41-FAB9549AC400}"
EndProject
Project("{9A19103F-16F7-4668-BE54-9A1E7A4F7556}") = "Hmm.IDP", "Hmm.IDP\Hmm.IDP.csproj", "{D018C2FD-1213-45C4-8AF7-D0AC8F5A376E}"
EndProject
Project("{2150E333-8FDC-42A3-9474-1A3956D46DE8}") = "Console", "Console", "{2E29D2BF-A85B-4799-92D1-A7FC651E1F2B}"
EndProject
Project("{9A19103F-16F7-4668-BE54-9A1E7A4F7556}") = "Hmm.WebConsole", "Hmm.WebConsole\Hmm.WebConsole.csproj", "{713C59D2-25BD-4ABF-B581-59D2B17B225A}"
EndProject
Project("{FAE04EC0-301F-11D3-BF4B-00C04F79EFBC}") = "Hmm.DtoEntity", "Hmm.DtoEntity\Hmm.DtoEntity.csproj", "{D98E0106-75BF-4D26-8FFD-0B59179F2B84}"
EndProject
Project("{FAE04EC0-301F-11D3-BF4B-00C04F79EFBC}") = "Hmm.DomainEntity", "Hmm.DomainEntity\Hmm.DomainEntity.csproj", "{B9B514F0-B2CC-4D86-ADB9-4C9379D2DBCA}"
EndProject
Global
	GlobalSection(SolutionConfigurationPlatforms) = preSolution
		Debug|Any CPU = Debug|Any CPU
		Release|Any CPU = Release|Any CPU
	EndGlobalSection
	GlobalSection(ProjectConfigurationPlatforms) = postSolution
		{273381F3-E7BB-4725-BEB7-ECD55F60B0FC}.Debug|Any CPU.ActiveCfg = Debug|Any CPU
		{273381F3-E7BB-4725-BEB7-ECD55F60B0FC}.Debug|Any CPU.Build.0 = Debug|Any CPU
		{273381F3-E7BB-4725-BEB7-ECD55F60B0FC}.Release|Any CPU.ActiveCfg = Release|Any CPU
		{273381F3-E7BB-4725-BEB7-ECD55F60B0FC}.Release|Any CPU.Build.0 = Release|Any CPU
		{374B26A4-47EB-4BE0-80E1-4F0065CDB847}.Debug|Any CPU.ActiveCfg = Debug|Any CPU
		{374B26A4-47EB-4BE0-80E1-4F0065CDB847}.Debug|Any CPU.Build.0 = Debug|Any CPU
		{374B26A4-47EB-4BE0-80E1-4F0065CDB847}.Release|Any CPU.ActiveCfg = Release|Any CPU
		{374B26A4-47EB-4BE0-80E1-4F0065CDB847}.Release|Any CPU.Build.0 = Release|Any CPU
		{FDA46FD7-BD98-44E5-841D-CAA13F5DE630}.Debug|Any CPU.ActiveCfg = Debug|Any CPU
		{FDA46FD7-BD98-44E5-841D-CAA13F5DE630}.Debug|Any CPU.Build.0 = Debug|Any CPU
		{FDA46FD7-BD98-44E5-841D-CAA13F5DE630}.Release|Any CPU.ActiveCfg = Release|Any CPU
		{FDA46FD7-BD98-44E5-841D-CAA13F5DE630}.Release|Any CPU.Build.0 = Release|Any CPU
		{A29A79A6-A8EE-40FD-94B4-970E381F1CAF}.Debug|Any CPU.ActiveCfg = Debug|Any CPU
		{A29A79A6-A8EE-40FD-94B4-970E381F1CAF}.Debug|Any CPU.Build.0 = Debug|Any CPU
		{A29A79A6-A8EE-40FD-94B4-970E381F1CAF}.Release|Any CPU.ActiveCfg = Release|Any CPU
		{A29A79A6-A8EE-40FD-94B4-970E381F1CAF}.Release|Any CPU.Build.0 = Release|Any CPU
		{8497F03A-EA13-4444-81FF-F69471931B15}.Debug|Any CPU.ActiveCfg = Debug|Any CPU
		{8497F03A-EA13-4444-81FF-F69471931B15}.Debug|Any CPU.Build.0 = Debug|Any CPU
		{8497F03A-EA13-4444-81FF-F69471931B15}.Release|Any CPU.ActiveCfg = Release|Any CPU
		{8497F03A-EA13-4444-81FF-F69471931B15}.Release|Any CPU.Build.0 = Release|Any CPU
		{451557F0-3517-4F5A-BD1A-B9C11A341C31}.Debug|Any CPU.ActiveCfg = Debug|Any CPU
		{451557F0-3517-4F5A-BD1A-B9C11A341C31}.Debug|Any CPU.Build.0 = Debug|Any CPU
		{451557F0-3517-4F5A-BD1A-B9C11A341C31}.Release|Any CPU.ActiveCfg = Release|Any CPU
		{451557F0-3517-4F5A-BD1A-B9C11A341C31}.Release|Any CPU.Build.0 = Release|Any CPU
		{B274DF48-D826-46DE-9C82-38AFC8CF59BE}.Debug|Any CPU.ActiveCfg = Debug|Any CPU
		{B274DF48-D826-46DE-9C82-38AFC8CF59BE}.Debug|Any CPU.Build.0 = Debug|Any CPU
		{B274DF48-D826-46DE-9C82-38AFC8CF59BE}.Release|Any CPU.ActiveCfg = Release|Any CPU
		{B274DF48-D826-46DE-9C82-38AFC8CF59BE}.Release|Any CPU.Build.0 = Release|Any CPU
		{6865D671-3B62-4CF5-8EB3-908E47B2D9B0}.Debug|Any CPU.ActiveCfg = Debug|Any CPU
		{6865D671-3B62-4CF5-8EB3-908E47B2D9B0}.Debug|Any CPU.Build.0 = Debug|Any CPU
		{6865D671-3B62-4CF5-8EB3-908E47B2D9B0}.Release|Any CPU.ActiveCfg = Release|Any CPU
		{6865D671-3B62-4CF5-8EB3-908E47B2D9B0}.Release|Any CPU.Build.0 = Release|Any CPU
		{47FFD2E3-D8D5-4864-8106-8AC5A866EAF2}.Debug|Any CPU.ActiveCfg = Debug|Any CPU
		{47FFD2E3-D8D5-4864-8106-8AC5A866EAF2}.Debug|Any CPU.Build.0 = Debug|Any CPU
		{47FFD2E3-D8D5-4864-8106-8AC5A866EAF2}.Release|Any CPU.ActiveCfg = Release|Any CPU
		{47FFD2E3-D8D5-4864-8106-8AC5A866EAF2}.Release|Any CPU.Build.0 = Release|Any CPU
		{2CB4FF48-144E-44E8-BB14-F0CB8F2A6CE7}.Debug|Any CPU.ActiveCfg = Debug|Any CPU
		{2CB4FF48-144E-44E8-BB14-F0CB8F2A6CE7}.Debug|Any CPU.Build.0 = Debug|Any CPU
		{2CB4FF48-144E-44E8-BB14-F0CB8F2A6CE7}.Release|Any CPU.ActiveCfg = Release|Any CPU
		{2CB4FF48-144E-44E8-BB14-F0CB8F2A6CE7}.Release|Any CPU.Build.0 = Release|Any CPU
		{D018C2FD-1213-45C4-8AF7-D0AC8F5A376E}.Debug|Any CPU.ActiveCfg = Debug|Any CPU
		{D018C2FD-1213-45C4-8AF7-D0AC8F5A376E}.Debug|Any CPU.Build.0 = Debug|Any CPU
		{D018C2FD-1213-45C4-8AF7-D0AC8F5A376E}.Release|Any CPU.ActiveCfg = Release|Any CPU
		{D018C2FD-1213-45C4-8AF7-D0AC8F5A376E}.Release|Any CPU.Build.0 = Release|Any CPU
		{713C59D2-25BD-4ABF-B581-59D2B17B225A}.Debug|Any CPU.ActiveCfg = Debug|Any CPU
		{713C59D2-25BD-4ABF-B581-59D2B17B225A}.Debug|Any CPU.Build.0 = Debug|Any CPU
		{713C59D2-25BD-4ABF-B581-59D2B17B225A}.Release|Any CPU.ActiveCfg = Release|Any CPU
		{713C59D2-25BD-4ABF-B581-59D2B17B225A}.Release|Any CPU.Build.0 = Release|Any CPU
		{D98E0106-75BF-4D26-8FFD-0B59179F2B84}.Debug|Any CPU.ActiveCfg = Debug|Any CPU
		{D98E0106-75BF-4D26-8FFD-0B59179F2B84}.Debug|Any CPU.Build.0 = Debug|Any CPU
		{D98E0106-75BF-4D26-8FFD-0B59179F2B84}.Release|Any CPU.ActiveCfg = Release|Any CPU
		{D98E0106-75BF-4D26-8FFD-0B59179F2B84}.Release|Any CPU.Build.0 = Release|Any CPU
		{B9B514F0-B2CC-4D86-ADB9-4C9379D2DBCA}.Debug|Any CPU.ActiveCfg = Debug|Any CPU
		{B9B514F0-B2CC-4D86-ADB9-4C9379D2DBCA}.Debug|Any CPU.Build.0 = Debug|Any CPU
		{B9B514F0-B2CC-4D86-ADB9-4C9379D2DBCA}.Release|Any CPU.ActiveCfg = Release|Any CPU
		{B9B514F0-B2CC-4D86-ADB9-4C9379D2DBCA}.Release|Any CPU.Build.0 = Release|Any CPU
	EndGlobalSection
	GlobalSection(SolutionProperties) = preSolution
		HideSolutionNode = FALSE
	EndGlobalSection
	GlobalSection(NestedProjects) = preSolution
		{273381F3-E7BB-4725-BEB7-ECD55F60B0FC} = {AC3A6946-E7AD-419A-9E17-F86893ABA818}
		{374B26A4-47EB-4BE0-80E1-4F0065CDB847} = {B758F538-D397-4BD5-9C41-FAB9549AC400}
		{FDA46FD7-BD98-44E5-841D-CAA13F5DE630} = {7E4D8DCE-BDA9-45A6-AACC-AEFA45DFE97D}
		{A29A79A6-A8EE-40FD-94B4-970E381F1CAF} = {479C1C44-D711-42AF-97EF-2F7054A75DA2}
		{7E4D8DCE-BDA9-45A6-AACC-AEFA45DFE97D} = {E636DBFC-6B0F-4FD3-B687-9272677B1FCE}
		{8497F03A-EA13-4444-81FF-F69471931B15} = {B758F538-D397-4BD5-9C41-FAB9549AC400}
		{AC3A6946-E7AD-419A-9E17-F86893ABA818} = {E636DBFC-6B0F-4FD3-B687-9272677B1FCE}
		{451557F0-3517-4F5A-BD1A-B9C11A341C31} = {3D0DB5C6-C059-4168-BE39-6614AADD70C9}
		{B274DF48-D826-46DE-9C82-38AFC8CF59BE} = {A7A6525F-899F-4D19-B3F6-34559CD709D6}
		{6865D671-3B62-4CF5-8EB3-908E47B2D9B0} = {B758F538-D397-4BD5-9C41-FAB9549AC400}
		{CA7D64C0-BA5E-4D74-9D5A-1679E7B104A9} = {F062974F-3522-4213-91AB-DADC64B03E40}
		{47FFD2E3-D8D5-4864-8106-8AC5A866EAF2} = {F062974F-3522-4213-91AB-DADC64B03E40}
		{2CB4FF48-144E-44E8-BB14-F0CB8F2A6CE7} = {CA7D64C0-BA5E-4D74-9D5A-1679E7B104A9}
		{B758F538-D397-4BD5-9C41-FAB9549AC400} = {E636DBFC-6B0F-4FD3-B687-9272677B1FCE}
		{D018C2FD-1213-45C4-8AF7-D0AC8F5A376E} = {479C1C44-D711-42AF-97EF-2F7054A75DA2}
		{713C59D2-25BD-4ABF-B581-59D2B17B225A} = {2E29D2BF-A85B-4799-92D1-A7FC651E1F2B}
		{D98E0106-75BF-4D26-8FFD-0B59179F2B84} = {3D0DB5C6-C059-4168-BE39-6614AADD70C9}
		{B9B514F0-B2CC-4D86-ADB9-4C9379D2DBCA} = {3D0DB5C6-C059-4168-BE39-6614AADD70C9}
	EndGlobalSection
	GlobalSection(ExtensibilityGlobals) = postSolution
		SolutionGuid = {36D6EC40-0E62-4C0B-AE16-1BF878E7B224}
	EndGlobalSection
EndGlobal
