
Microsoft Visual Studio Solution File, Format Version 12.00
# Visual Studio 15
VisualStudioVersion = 15.0.26430.16
MinimumVisualStudioVersion = 10.0.40219.1
Project("{9A19103F-16F7-4668-BE54-9A1E7A4F7556}") = "Hmm.Core", "Hmm.Core\Hmm.Core.csproj", "{273381F3-E7BB-4725-BEB7-ECD55F60B0FC}"
EndProject
Project("{9A19103F-16F7-4668-BE54-9A1E7A4F7556}") = "DomainEntity", "DomainEntity\DomainEntity.csproj", "{AD0A2136-04A0-4D62-98C0-4CEC1B53C502}"
EndProject
Project("{9A19103F-16F7-4668-BE54-9A1E7A4F7556}") = "Hmm.Core.Tests", "Hmm.Core.Tests\Hmm.Core.Tests.csproj", "{374B26A4-47EB-4BE0-80E1-4F0065CDB847}"
EndProject
Project("{9A19103F-16F7-4668-BE54-9A1E7A4F7556}") = "Hmm.Dal", "Hmm.Dal\Hmm.Dal.csproj", "{FDA46FD7-BD98-44E5-841D-CAA13F5DE630}"
EndProject
Project("{9A19103F-16F7-4668-BE54-9A1E7A4F7556}") = "Hmm.Utility", "Hmm.Utility\Hmm.Utility.csproj", "{A29A79A6-A8EE-40FD-94B4-970E381F1CAF}"
EndProject
Project("{2150E333-8FDC-42A3-9474-1A3956D46DE8}") = "Dal", "Dal", "{7E4D8DCE-BDA9-45A6-AACC-AEFA45DFE97D}"
EndProject
Project("{9A19103F-16F7-4668-BE54-9A1E7A4F7556}") = "Hmm.Dal.Tests", "Hmm.Dal.Tests\Hmm.Dal.Tests.csproj", "{8497F03A-EA13-4444-81FF-F69471931B15}"
EndProject
Project("{2150E333-8FDC-42A3-9474-1A3956D46DE8}") = "Core", "Core", "{AC3A6946-E7AD-419A-9E17-F86893ABA818}"
EndProject
Global
	GlobalSection(SolutionConfigurationPlatforms) = preSolution
		Debug|Any CPU = Debug|Any CPU
		Release|Any CPU = Release|Any CPU
	EndGlobalSection
	GlobalSection(ProjectConfigurationPlatforms) = postSolution
		{273381F3-E7BB-4725-BEB7-ECD55F60B0FC}.Debug|Any CPU.ActiveCfg = Debug|Any CPU
		{273381F3-E7BB-4725-BEB7-ECD55F60B0FC}.Debug|Any CPU.Build.0 = Debug|Any CPU
		{273381F3-E7BB-4725-BEB7-ECD55F60B0FC}.Release|Any CPU.ActiveCfg = Release|Any CPU
		{273381F3-E7BB-4725-BEB7-ECD55F60B0FC}.Release|Any CPU.Build.0 = Release|Any CPU
		{AD0A2136-04A0-4D62-98C0-4CEC1B53C502}.Debug|Any CPU.ActiveCfg = Debug|Any CPU
		{AD0A2136-04A0-4D62-98C0-4CEC1B53C502}.Debug|Any CPU.Build.0 = Debug|Any CPU
		{AD0A2136-04A0-4D62-98C0-4CEC1B53C502}.Release|Any CPU.ActiveCfg = Release|Any CPU
		{AD0A2136-04A0-4D62-98C0-4CEC1B53C502}.Release|Any CPU.Build.0 = Release|Any CPU
		{374B26A4-47EB-4BE0-80E1-4F0065CDB847}.Debug|Any CPU.ActiveCfg = Debug|Any CPU
		{374B26A4-47EB-4BE0-80E1-4F0065CDB847}.Debug|Any CPU.Build.0 = Debug|Any CPU
		{374B26A4-47EB-4BE0-80E1-4F0065CDB847}.Release|Any CPU.ActiveCfg = Release|Any CPU
		{374B26A4-47EB-4BE0-80E1-4F0065CDB847}.Release|Any CPU.Build.0 = Release|Any CPU
		{FDA46FD7-BD98-44E5-841D-CAA13F5DE630}.Debug|Any CPU.ActiveCfg = Debug|Any CPU
		{FDA46FD7-BD98-44E5-841D-CAA13F5DE630}.Debug|Any CPU.Build.0 = Debug|Any CPU
		{FDA46FD7-BD98-44E5-841D-CAA13F5DE630}.Release|Any CPU.ActiveCfg = Release|Any CPU
		{FDA46FD7-BD98-44E5-841D-CAA13F5DE630}.Release|Any CPU.Build.0 = Release|Any CPU
		{A29A79A6-A8EE-40FD-94B4-970E381F1CAF}.Debug|Any CPU.ActiveCfg = Debug|Any CPU
		{A29A79A6-A8EE-40FD-94B4-970E381F1CAF}.Debug|Any CPU.Build.0 = Debug|Any CPU
		{A29A79A6-A8EE-40FD-94B4-970E381F1CAF}.Release|Any CPU.ActiveCfg = Release|Any CPU
		{A29A79A6-A8EE-40FD-94B4-970E381F1CAF}.Release|Any CPU.Build.0 = Release|Any CPU
		{8497F03A-EA13-4444-81FF-F69471931B15}.Debug|Any CPU.ActiveCfg = Debug|Any CPU
		{8497F03A-EA13-4444-81FF-F69471931B15}.Debug|Any CPU.Build.0 = Debug|Any CPU
		{8497F03A-EA13-4444-81FF-F69471931B15}.Release|Any CPU.ActiveCfg = Release|Any CPU
		{8497F03A-EA13-4444-81FF-F69471931B15}.Release|Any CPU.Build.0 = Release|Any CPU
	EndGlobalSection
	GlobalSection(SolutionProperties) = preSolution
		HideSolutionNode = FALSE
	EndGlobalSection
	GlobalSection(NestedProjects) = preSolution
		{273381F3-E7BB-4725-BEB7-ECD55F60B0FC} = {AC3A6946-E7AD-419A-9E17-F86893ABA818}
		{374B26A4-47EB-4BE0-80E1-4F0065CDB847} = {AC3A6946-E7AD-419A-9E17-F86893ABA818}
		{FDA46FD7-BD98-44E5-841D-CAA13F5DE630} = {7E4D8DCE-BDA9-45A6-AACC-AEFA45DFE97D}
		{8497F03A-EA13-4444-81FF-F69471931B15} = {7E4D8DCE-BDA9-45A6-AACC-AEFA45DFE97D}
	EndGlobalSection
EndGlobal
