Microsoft Visual Studio Solution File, Format Version 12.00
# Visual Studio Version 17
VisualStudioVersion = 17.5.2.0
MinimumVisualStudioVersion = 10.0.40219.1
Project("{FAE04EC0-301F-11D3-BF4B-00C04F79EFBC}") = "Hmm.Idp", "Hmm.Idp.csproj", "{5B58D048-5DE8-B97A-6812-2974D3113C43}"
EndProject
Project("{FAE04EC0-301F-11D3-BF4B-00C04F79EFBC}") = "Hmm.Idp.Tests", "..\Hmm.Idp.Tests\Hmm.Idp.Tests.csproj", "{BDCB4D99-9E92-4555-AEC2-E78C2449F807}"
EndProject
Global
	GlobalSection(SolutionConfigurationPlatforms) = preSolution
		Debug|Any CPU = Debug|Any CPU
		Release|Any CPU = Release|Any CPU
	EndGlobalSection
	GlobalSection(ProjectConfigurationPlatforms) = postSolution
		{5B58D048-5DE8-B97A-6812-2974D3113C43}.Debug|Any CPU.ActiveCfg = Debug|Any CPU
		{5B58D048-5DE8-B97A-6812-2974D3113C43}.Debug|Any CPU.Build.0 = Debug|Any CPU
		{5B58D048-5DE8-B97A-6812-2974D3113C43}.Release|Any CPU.ActiveCfg = Release|Any CPU
		{5B58D048-5DE8-B97A-6812-2974D3113C43}.Release|Any CPU.Build.0 = Release|Any CPU
		{BDCB4D99-9E92-4555-AEC2-E78C2449F807}.Debug|Any CPU.ActiveCfg = Debug|Any CPU
		{BDCB4D99-9E92-4555-AEC2-E78C2449F807}.Debug|Any CPU.Build.0 = Debug|Any CPU
		{BDCB4D99-9E92-4555-AEC2-E78C2449F807}.Release|Any CPU.ActiveCfg = Release|Any CPU
		{BDCB4D99-9E92-4555-AEC2-E78C2449F807}.Release|Any CPU.Build.0 = Release|Any CPU
	EndGlobalSection
	GlobalSection(SolutionProperties) = preSolution
		HideSolutionNode = FALSE
	EndGlobalSection
	GlobalSection(ExtensibilityGlobals) = postSolution
		SolutionGuid = {55662642-E5A1-4A9E-9F9A-A406BF1E200B}
	EndGlobalSection
EndGlobal
